
Microsoft Visual Studio Solution File, Format Version 12.00
# Visual Studio 15
VisualStudioVersion = 15.0.26430.13
MinimumVisualStudioVersion = 10.0.40219.1
Project("{FAE04EC0-301F-11D3-BF4B-00C04F79EFBC}") = "TH.EveMarket.Console", "TH.EveMarket.Console\TH.EveMarket.Console.csproj", "{5EDEF94D-8316-4AB8-8E37-915E20659D23}"
EndProject
Project("{FAE04EC0-301F-11D3-BF4B-00C04F79EFBC}") = "TH.EveMarket.Library", "TH.EveMarket.Library\TH.EveMarket.Library.csproj", "{2EB95F86-DC19-4919-994E-CFA928ED959A}"
EndProject
Global
	GlobalSection(SolutionConfigurationPlatforms) = preSolution
		Debug|Any CPU = Debug|Any CPU
		Release|Any CPU = Release|Any CPU
	EndGlobalSection
	GlobalSection(ProjectConfigurationPlatforms) = postSolution
		{5EDEF94D-8316-4AB8-8E37-915E20659D23}.Debug|Any CPU.ActiveCfg = Debug|Any CPU
		{5EDEF94D-8316-4AB8-8E37-915E20659D23}.Debug|Any CPU.Build.0 = Debug|Any CPU
		{5EDEF94D-8316-4AB8-8E37-915E20659D23}.Release|Any CPU.ActiveCfg = Release|Any CPU
		{5EDEF94D-8316-4AB8-8E37-915E20659D23}.Release|Any CPU.Build.0 = Release|Any CPU
		{2EB95F86-DC19-4919-994E-CFA928ED959A}.Debug|Any CPU.ActiveCfg = Debug|Any CPU
		{2EB95F86-DC19-4919-994E-CFA928ED959A}.Debug|Any CPU.Build.0 = Debug|Any CPU
		{2EB95F86-DC19-4919-994E-CFA928ED959A}.Release|Any CPU.ActiveCfg = Release|Any CPU
		{2EB95F86-DC19-4919-994E-CFA928ED959A}.Release|Any CPU.Build.0 = Release|Any CPU
	EndGlobalSection
	GlobalSection(SolutionProperties) = preSolution
		HideSolutionNode = FALSE
	EndGlobalSection
	GlobalSection(ExtensibilityGlobals) = postSolution
		SolutionGuid = {9C8CE9C2-98F9-4FC5-8919-C45B500ACB5C}
	EndGlobalSection
EndGlobal
